{
  "version": 4,
  "terraform_version": "0.13.5",
  "serial": 11,
  "lineage": "c64156cc-cc0d-12f5-39cb-7928c7e35386",
  "outputs": {
    "external_ip": {
      "value": [
        "165.22.13.40"
      ],
      "type": [
        "tuple",
        [
          "string"
        ]
      ]
    }
  },
  "resources": [
    {
      "mode": "data",
      "type": "template_file",
      "name": "cloud_init_yaml",
      "provider": "provider[\"registry.terraform.io/hashicorp/template\"]",
      "instances": [
        {
          "schema_version": 0,
          "attributes": {
            "filename": null,
            "id": "03160cf74938ee08366ad836303e88759cc32947a76852083a9eb828b7bc5e0b",
            "rendered": "#cloud-config\n\nusers:\n    - name: ofensivo\n      lock_passwd: true\n      shell: /bin/bash\n      ssh_authorized_keys:\n      - ssh-rsa AAAAB3NzaC1yc2EAAAADAQABAAABgQC3XGyaPxTlOpBci9FrOLNQ0UZHxL3o6PqFqtxR5ZcuL2swL4NxxKtppvdnC6jSjIgXyt9a3FJNc22Ef+IC7d6E6O76+nNPTOFtuW3sO6tNblFv/jZvADToAzVhANYjcbyK94G0CZqTjcgjU65c445J6KoT3arFlRwjOGthREcLu+/RikXwONi7FqdqXvoXiqCGM1Xo8B2rIsUoz7vByXPY+bn9z2Kb2V9vkxW0w8UbyyceQreuwkGv/9UJR1ZVbQiJegX70V7/8rDDSzubzYmS1hi5nTrFktSQL1Uy8uAuyrEOezAc2id9Umg03eq4mzFAJYeGx+xMwoOxIqr9K9jUgj+QFfdmwNDkWc9oRiQ9HhMX5oniiST3zN/uqJL4JFZWlFGYDRmkHsy5O57NmnJSPvTOz+WDmLZuTWbCSVqTgQGe6AMmqKliY5BsDjNQn33t0GrB78a3tR0qzPxiZVfBqR4btZ+XiqVDgzBCGGeLCdQ78A5/Ig2CzR0z/If3GjU= castr@MacBook-Pro-de-CARLOS.local\n\n      sudo: ALL=(ALL) NOPASSWD:ALL",
            "template": "#cloud-config\n\nusers:\n    - name: ${username}\n      lock_passwd: true\n      shell: /bin/bash\n      ssh_authorized_keys:\n      - ${ssh_public_key}\n      sudo: ALL=(ALL) NOPASSWD:ALL",
            "vars": {
              "ssh_public_key": "ssh-rsa AAAAB3NzaC1yc2EAAAADAQABAAABgQC3XGyaPxTlOpBci9FrOLNQ0UZHxL3o6PqFqtxR5ZcuL2swL4NxxKtppvdnC6jSjIgXyt9a3FJNc22Ef+IC7d6E6O76+nNPTOFtuW3sO6tNblFv/jZvADToAzVhANYjcbyK94G0CZqTjcgjU65c445J6KoT3arFlRwjOGthREcLu+/RikXwONi7FqdqXvoXiqCGM1Xo8B2rIsUoz7vByXPY+bn9z2Kb2V9vkxW0w8UbyyceQreuwkGv/9UJR1ZVbQiJegX70V7/8rDDSzubzYmS1hi5nTrFktSQL1Uy8uAuyrEOezAc2id9Umg03eq4mzFAJYeGx+xMwoOxIqr9K9jUgj+QFfdmwNDkWc9oRiQ9HhMX5oniiST3zN/uqJL4JFZWlFGYDRmkHsy5O57NmnJSPvTOz+WDmLZuTWbCSVqTgQGe6AMmqKliY5BsDjNQn33t0GrB78a3tR0qzPxiZVfBqR4btZ+XiqVDgzBCGGeLCdQ78A5/Ig2CzR0z/If3GjU= castr@MacBook-Pro-de-CARLOS.local\n",
              "username": "ofensivo"
            }
          }
        }
      ]
    },
    {
      "mode": "data",
      "type": "template_file",
      "name": "dev_hosts",
      "provider": "provider[\"registry.terraform.io/hashicorp/template\"]",
      "instances": [
        {
          "schema_version": 0,
          "attributes": {
            "filename": null,
            "id": "e51f2af0a414797a794520d4f6dbe81e3d3b525f26765cd477cf88a27daa0b2e",
            "rendered": "[lab]\n165.22.13.40\n",
            "template": "[lab]\n${externalIP}\n",
            "vars": {
              "externalIP": "165.22.13.40"
            }
          }
        }
      ]
    },
    {
      "mode": "managed",
      "type": "digitalocean_droplet",
      "name": "vm_instance",
      "provider": "provider[\"registry.terraform.io/digitalocean/digitalocean\"]",
      "instances": [
        {
          "index_key": 0,
          "schema_version": 1,
          "attributes": {
            "backups": false,
            "created_at": "2020-11-25T22:11:06Z",
            "disk": 25,
            "id": "218469258",
            "image": "ubuntu-18-04-x64",
            "ipv4_address": "165.22.13.40",
            "ipv4_address_private": "10.116.0.2",
            "ipv6": false,
            "ipv6_address": "",
            "ipv6_address_private": null,
            "locked": false,
            "memory": 1024,
            "monitoring": false,
            "name": "offensive-docker-vm-2eca77e918a1c4c6",
            "price_hourly": 0.00744,
            "price_monthly": 5,
            "private_networking": true,
            "region": "nyc1",
            "resize_disk": true,
            "size": "s-1vcpu-1gb",
            "ssh_keys": [
              "92:79:3f:49:8b:c5:eb:ef:63:58:46:e4:f2:ed:5f:5f"
            ],
            "status": "active",
            "tags": null,
            "urn": "do:droplet:218469258",
            "user_data": "6b5274f02c8f111e5b92f63973e58bef4395a7db",
            "vcpus": 1,
            "volume_ids": [],
            "vpc_uuid": "bf3927d9-be9c-42d0-8fa3-3fdd5e8f9585"
          },
          "private": "eyJzY2hlbWFfdmVyc2lvbiI6IjEifQ==",
          "dependencies": [
            "data.template_file.cloud_init_yaml",
            "digitalocean_ssh_key.ssh_public_key",
            "digitalocean_vpc.vpc_network",
            "random_id.instance_id"
          ]
        }
      ]
    },
    {
      "mode": "managed",
      "type": "digitalocean_firewall",
      "name": "traffic-ingress",
      "provider": "provider[\"registry.terraform.io/digitalocean/digitalocean\"]",
      "instances": [
        {
          "schema_version": 0,
          "attributes": {
            "created_at": null,
            "droplet_ids": [
              218469258
            ],
            "id": "0ae33443-791d-403f-bdc0-014465ac2356",
            "inbound_rule": [
              {
                "port_range": "22",
                "protocol": "tcp",
                "source_addresses": [
                  "0.0.0.0/0",
                  "::/0"
                ],
                "source_droplet_ids": [],
                "source_load_balancer_uids": [],
                "source_tags": []
              },
              {
                "port_range": "3128",
                "protocol": "tcp",
                "source_addresses": [
                  "0.0.0.0/0",
                  "::/0"
                ],
                "source_droplet_ids": [],
                "source_load_balancer_uids": [],
                "source_tags": []
              },
              {
                "port_range": "443",
                "protocol": "tcp",
                "source_addresses": [
                  "0.0.0.0/0",
                  "::/0"
                ],
                "source_droplet_ids": [],
                "source_load_balancer_uids": [],
                "source_tags": []
              },
              {
                "port_range": "80",
                "protocol": "tcp",
                "source_addresses": [
                  "0.0.0.0/0",
                  "::/0"
                ],
                "source_droplet_ids": [],
                "source_load_balancer_uids": [],
                "source_tags": []
              },
              {
                "port_range": "8080",
                "protocol": "tcp",
                "source_addresses": [
                  "0.0.0.0/0",
                  "::/0"
                ],
                "source_droplet_ids": [],
                "source_load_balancer_uids": [],
                "source_tags": []
              }
            ],
            "name": "traffic-ingress",
            "outbound_rule": [
              {
                "destination_addresses": [
                  "0.0.0.0/0",
                  "::/0"
                ],
                "destination_droplet_ids": [],
                "destination_load_balancer_uids": [],
                "destination_tags": [],
                "port_range": "1-65535",
                "protocol": "tcp"
              },
              {
                "destination_addresses": [
                  "0.0.0.0/0",
                  "::/0"
                ],
                "destination_droplet_ids": [],
                "destination_load_balancer_uids": [],
                "destination_tags": [],
                "port_range": "1-65535",
                "protocol": "udp"
              }
            ],
            "pending_changes": [],
            "status": "succeeded",
            "tags": null
          },
          "private": "bnVsbA==",
          "dependencies": [
            "data.template_file.cloud_init_yaml",
            "digitalocean_droplet.vm_instance",
            "digitalocean_ssh_key.ssh_public_key",
            "digitalocean_vpc.vpc_network",
            "random_id.instance_id"
          ]
        }
      ]
    },
    {
      "mode": "managed",
      "type": "digitalocean_ssh_key",
      "name": "ssh_public_key",
      "provider": "provider[\"registry.terraform.io/digitalocean/digitalocean\"]",
      "instances": [
        {
          "schema_version": 0,
          "attributes": {
            "fingerprint": "92:79:3f:49:8b:c5:eb:ef:63:58:46:e4:f2:ed:5f:5f",
            "id": "29025174",
            "name": "ssh_public_key",
            "public_key": "ssh-rsa AAAAB3NzaC1yc2EAAAADAQABAAABgQC3XGyaPxTlOpBci9FrOLNQ0UZHxL3o6PqFqtxR5ZcuL2swL4NxxKtppvdnC6jSjIgXyt9a3FJNc22Ef+IC7d6E6O76+nNPTOFtuW3sO6tNblFv/jZvADToAzVhANYjcbyK94G0CZqTjcgjU65c445J6KoT3arFlRwjOGthREcLu+/RikXwONi7FqdqXvoXiqCGM1Xo8B2rIsUoz7vByXPY+bn9z2Kb2V9vkxW0w8UbyyceQreuwkGv/9UJR1ZVbQiJegX70V7/8rDDSzubzYmS1hi5nTrFktSQL1Uy8uAuyrEOezAc2id9Umg03eq4mzFAJYeGx+xMwoOxIqr9K9jUgj+QFfdmwNDkWc9oRiQ9HhMX5oniiST3zN/uqJL4JFZWlFGYDRmkHsy5O57NmnJSPvTOz+WDmLZuTWbCSVqTgQGe6AMmqKliY5BsDjNQn33t0GrB78a3tR0qzPxiZVfBqR4btZ+XiqVDgzBCGGeLCdQ78A5/Ig2CzR0z/If3GjU= castr@MacBook-Pro-de-CARLOS.local"
          },
          "private": "bnVsbA=="
        }
      ]
    },
    {
      "mode": "managed",
      "type": "digitalocean_vpc",
      "name": "vpc_network",
      "provider": "provider[\"registry.terraform.io/digitalocean/digitalocean\"]",
      "instances": [
        {
          "schema_version": 0,
          "attributes": {
            "created_at": "2020-11-25 22:11:06 +0000 UTC",
            "default": true,
            "description": "",
            "id": "bf3927d9-be9c-42d0-8fa3-3fdd5e8f9585",
            "ip_range": "10.116.0.0/20",
            "name": "vpc-network",
            "region": "nyc1",
            "timeouts": null,
            "urn": "do:vpc:bf3927d9-be9c-42d0-8fa3-3fdd5e8f9585"
          },
          "private": "eyJlMmJmYjczMC1lY2FhLTExZTYtOGY4OC0zNDM2M2JjN2M0YzAiOnsiZGVsZXRlIjoxMjAwMDAwMDAwMDB9fQ=="
        }
      ]
    },
    {
      "mode": "managed",
      "type": "null_resource",
      "name": "dev-hosts",
      "provider": "provider[\"registry.terraform.io/hashicorp/null\"]",
      "instances": [
        {
          "schema_version": 0,
          "attributes": {
            "id": "8620658500796426476",
            "triggers": null
          },
          "private": "bnVsbA==",
          "dependencies": [
            "data.template_file.cloud_init_yaml",
            "data.template_file.dev_hosts",
            "digitalocean_droplet.vm_instance",
            "digitalocean_ssh_key.ssh_public_key",
            "digitalocean_vpc.vpc_network",
            "null_resource.sleep-before-ansible",
            "random_id.instance_id"
          ]
        }
      ]
    },
    {
      "mode": "managed",
      "type": "null_resource",
      "name": "sleep-before-ansible",
      "provider": "provider[\"registry.terraform.io/hashicorp/null\"]",
      "instances": [
        {
          "schema_version": 0,
          "attributes": {
            "id": "6814613648334004075",
            "triggers": {
              "template_rendered": "[lab]\n165.22.13.40\n"
            }
          },
          "private": "bnVsbA==",
          "dependencies": [
            "data.template_file.cloud_init_yaml",
            "data.template_file.dev_hosts",
            "digitalocean_droplet.vm_instance",
            "digitalocean_ssh_key.ssh_public_key",
            "digitalocean_vpc.vpc_network",
            "random_id.instance_id"
          ]
        }
      ]
    },
    {
      "mode": "managed",
      "type": "random_id",
      "name": "instance_id",
      "provider": "provider[\"registry.terraform.io/hashicorp/random\"]",
      "instances": [
        {
          "index_key": 0,
          "schema_version": 0,
          "attributes": {
            "b64_std": "Lsp36RihxMY=",
            "b64_url": "Lsp36RihxMY",
            "byte_length": 8,
            "dec": "3371639114064577734",
            "hex": "2eca77e918a1c4c6",
            "id": "Lsp36RihxMY",
            "keepers": null,
            "prefix": null
          },
          "private": "bnVsbA=="
        }
      ]
    }
  ]
}
