{
  "version": 4,
  "terraform_version": "0.13.5",
  "serial": 20,
  "lineage": "c64156cc-cc0d-12f5-39cb-7928c7e35386",
  "outputs": {},
  "resources": [
    {
      "mode": "managed",
      "type": "digitalocean_vpc",
      "name": "vpc_network",
      "provider": "provider[\"registry.terraform.io/digitalocean/digitalocean\"]",
      "instances": [
        {
          "schema_version": 0,
          "attributes": {
            "created_at": "2020-11-25 22:11:06 +0000 UTC",
            "default": true,
            "description": "",
            "id": "bf3927d9-be9c-42d0-8fa3-3fdd5e8f9585",
            "ip_range": "10.116.0.0/20",
            "name": "vpc-network",
            "region": "nyc1",
            "timeouts": null,
            "urn": "do:vpc:bf3927d9-be9c-42d0-8fa3-3fdd5e8f9585"
          }
        }
      ]
    }
  ]
}
