{
  "version": 4,
  "terraform_version": "0.13.5",
  "serial": 194,
  "lineage": "2a4da2a6-4142-2be9-d4a4-9eee66bd28a4",
  "outputs": {
    "external_ip": {
      "value": [
        "34.70.63.97"
      ],
      "type": [
        "tuple",
        [
          "string"
        ]
      ]
    }
  },
  "resources": [
    {
      "mode": "data",
      "type": "template_file",
      "name": "dev_hosts",
      "provider": "provider[\"registry.terraform.io/hashicorp/template\"]",
      "instances": [
        {
          "schema_version": 0,
          "attributes": {
            "filename": null,
            "id": "7dfb59e4e29ef34764e73ac0a98a2f2328aa13cef33321d85b999938bb5b0c78",
            "rendered": "[lab]\n34.70.63.97\n",
            "template": "[lab]\n${externalIP}\n",
            "vars": {
              "externalIP": "34.70.63.97"
            }
          }
        }
      ]
    },
    {
      "mode": "managed",
      "type": "google_compute_firewall",
      "name": "traffic-ingress",
      "provider": "provider[\"registry.terraform.io/hashicorp/google\"]",
      "instances": [
        {
          "schema_version": 1,
          "attributes": {
            "allow": [
              {
                "ports": [
                  "22",
                  "8080",
                  "80",
                  "443",
                  "3128"
                ],
                "protocol": "tcp"
              }
            ],
            "creation_timestamp": "2020-12-28T11:26:01.415-08:00",
            "deny": [],
            "description": "",
            "destination_ranges": [],
            "direction": "INGRESS",
            "disabled": false,
            "enable_logging": null,
            "id": "projects/pentesting-296602/global/firewalls/traffic-ingress",
            "log_config": [],
            "name": "traffic-ingress",
            "network": "https://www.googleapis.com/compute/v1/projects/pentesting-296602/global/networks/vpc-network",
            "priority": 1000,
            "project": "pentesting-296602",
            "self_link": "https://www.googleapis.com/compute/v1/projects/pentesting-296602/global/firewalls/traffic-ingress",
            "source_ranges": [
              "0.0.0.0/0"
            ],
            "source_service_accounts": null,
            "source_tags": null,
            "target_service_accounts": null,
            "target_tags": null,
            "timeouts": null
          },
          "private": "eyJlMmJmYjczMC1lY2FhLTExZTYtOGY4OC0zNDM2M2JjN2M0YzAiOnsiY3JlYXRlIjoyNDAwMDAwMDAwMDAsImRlbGV0ZSI6MjQwMDAwMDAwMDAwLCJ1cGRhdGUiOjI0MDAwMDAwMDAwMH0sInNjaGVtYV92ZXJzaW9uIjoiMSJ9",
          "dependencies": [
            "google_compute_network.vpc_network"
          ]
        }
      ]
    },
    {
      "mode": "managed",
      "type": "google_compute_instance",
      "name": "vm_instance",
      "provider": "provider[\"registry.terraform.io/hashicorp/google\"]",
      "instances": [
        {
          "index_key": 0,
          "schema_version": 6,
          "attributes": {
            "allow_stopping_for_update": null,
            "attached_disk": [],
            "boot_disk": [
              {
                "auto_delete": true,
                "device_name": "persistent-disk-0",
                "disk_encryption_key_raw": "",
                "disk_encryption_key_sha256": "",
                "initialize_params": [
                  {
                    "image": "https://www.googleapis.com/compute/v1/projects/ubuntu-os-cloud/global/images/ubuntu-1804-bionic-v20201211a",
                    "labels": {},
                    "size": 30,
                    "type": "pd-standard"
                  }
                ],
                "kms_key_self_link": "",
                "mode": "READ_WRITE",
                "source": "https://www.googleapis.com/compute/v1/projects/pentesting-296602/zones/us-central1-a/disks/offensive-docker-vm-11eac5cbd19c5fa5"
              }
            ],
            "can_ip_forward": false,
            "cpu_platform": "Intel Haswell",
            "current_status": "RUNNING",
            "deletion_protection": false,
            "description": "",
            "desired_status": null,
            "enable_display": false,
            "guest_accelerator": [],
            "hostname": "",
            "id": "projects/pentesting-296602/zones/us-central1-a/instances/offensive-docker-vm-11eac5cbd19c5fa5",
            "instance_id": "8778558498268483492",
            "label_fingerprint": "42WmSpB8rSM=",
            "labels": null,
            "machine_type": "n1-standard-1",
            "metadata": {
              "ssh-keys": "tester:ssh-rsa AAAAB3NzaC1yc2EAAAADAQABAAABgQDh63UGNihCgeHABB6qVdcDjjPMvJ+qVPqjPKPC3g38g+BkRwHhCotdmHLWCz6c1ZUJ2Bn+SGn93obplo13DEGTxdDo8qt4zi8ppclPWMLiKiGzBic2xGTnw3yYQiEs2mB3sKBw0zJK9pSwhCAc7HmNXj6rHN5QddZ+BSJGHj5IRwd/Z7U9S4+nHrHJu5/pJkbqZRJk02I0nVOf0xObKEtLUmJjmJhqM7d8JT+wcjl95wEHhWjxcRluLCd0BNw1qgU1o7AZyoauzEzzYHx3lZ6RRkYJyvbVQ2WfLkWITI1PqvzaXXL3+XrsQvwMfGniiFuK9SZcDenlXYu9TE/+IS//S6LNX29Wzn1Bex9PZlOnAqDlrOsNXeQ00X0ede/I3NDuRUMd9Rs1/X0tbQk5Fah1LI8mXav4O711hlpITOw98IJpgoXsOILhsO/xfUUXnSLczKiecV373Mshc3GgpUNEvo3DlzVCD2cQPL6MORidHWIUof9n34JrC18oSYwm1Ls= castr@MacBook-Pro-de-CARLOS.local\n"
            },
            "metadata_fingerprint": "3eBqjQX-tNg=",
            "metadata_startup_script": "",
            "min_cpu_platform": "",
            "name": "offensive-docker-vm-11eac5cbd19c5fa5",
            "network_interface": [
              {
                "access_config": [
                  {
                    "nat_ip": "34.70.63.97",
                    "network_tier": "PREMIUM",
                    "public_ptr_domain_name": ""
                  }
                ],
                "alias_ip_range": [],
                "name": "nic0",
                "network": "https://www.googleapis.com/compute/v1/projects/pentesting-296602/global/networks/vpc-network",
                "network_ip": "10.128.0.2",
                "subnetwork": "https://www.googleapis.com/compute/v1/projects/pentesting-296602/regions/us-central1/subnetworks/vpc-network",
                "subnetwork_project": "pentesting-296602"
              }
            ],
            "project": "pentesting-296602",
            "resource_policies": null,
            "scheduling": [
              {
                "automatic_restart": true,
                "node_affinities": [],
                "on_host_maintenance": "MIGRATE",
                "preemptible": false
              }
            ],
            "scratch_disk": [],
            "self_link": "https://www.googleapis.com/compute/v1/projects/pentesting-296602/zones/us-central1-a/instances/offensive-docker-vm-11eac5cbd19c5fa5",
            "service_account": [],
            "shielded_instance_config": [
              {
                "enable_integrity_monitoring": true,
                "enable_secure_boot": false,
                "enable_vtpm": true
              }
            ],
            "tags": null,
            "tags_fingerprint": "42WmSpB8rSM=",
            "timeouts": null,
            "zone": "us-central1-a"
          },
          "private": "eyJlMmJmYjczMC1lY2FhLTExZTYtOGY4OC0zNDM2M2JjN2M0YzAiOnsiY3JlYXRlIjoxMjAwMDAwMDAwMDAwLCJkZWxldGUiOjEyMDAwMDAwMDAwMDAsInVwZGF0ZSI6MTIwMDAwMDAwMDAwMH0sInNjaGVtYV92ZXJzaW9uIjoiNiJ9",
          "dependencies": [
            "google_compute_network.vpc_network",
            "random_id.instance_id"
          ]
        }
      ]
    },
    {
      "mode": "managed",
      "type": "google_compute_network",
      "name": "vpc_network",
      "provider": "provider[\"registry.terraform.io/hashicorp/google\"]",
      "instances": [
        {
          "schema_version": 0,
          "attributes": {
            "auto_create_subnetworks": true,
            "delete_default_routes_on_create": false,
            "description": "",
            "gateway_ipv4": "",
            "id": "projects/pentesting-296602/global/networks/vpc-network",
            "name": "vpc-network",
            "project": "pentesting-296602",
            "routing_mode": "REGIONAL",
            "self_link": "https://www.googleapis.com/compute/v1/projects/pentesting-296602/global/networks/vpc-network",
            "timeouts": null
          },
          "private": "eyJlMmJmYjczMC1lY2FhLTExZTYtOGY4OC0zNDM2M2JjN2M0YzAiOnsiY3JlYXRlIjoyNDAwMDAwMDAwMDAsImRlbGV0ZSI6MjQwMDAwMDAwMDAwLCJ1cGRhdGUiOjI0MDAwMDAwMDAwMH19"
        }
      ]
    },
    {
      "mode": "managed",
      "type": "null_resource",
      "name": "dev-hosts",
      "provider": "provider[\"registry.terraform.io/hashicorp/null\"]",
      "instances": [
        {
          "schema_version": 0,
          "attributes": {
            "id": "1080745234554990341",
            "triggers": null
          },
          "private": "bnVsbA==",
          "dependencies": [
            "data.template_file.dev_hosts",
            "google_compute_instance.vm_instance",
            "google_compute_network.vpc_network",
            "null_resource.sleep-before-ansible",
            "random_id.instance_id"
          ]
        }
      ]
    },
    {
      "mode": "managed",
      "type": "null_resource",
      "name": "sleep-before-ansible",
      "provider": "provider[\"registry.terraform.io/hashicorp/null\"]",
      "instances": [
        {
          "schema_version": 0,
          "attributes": {
            "id": "3809057948966359889",
            "triggers": {
              "template_rendered": "[lab]\n34.70.63.97\n"
            }
          },
          "private": "bnVsbA==",
          "dependencies": [
            "data.template_file.dev_hosts",
            "google_compute_instance.vm_instance",
            "google_compute_network.vpc_network",
            "random_id.instance_id"
          ]
        }
      ]
    },
    {
      "mode": "managed",
      "type": "random_id",
      "name": "instance_id",
      "provider": "provider[\"registry.terraform.io/hashicorp/random\"]",
      "instances": [
        {
          "index_key": 0,
          "schema_version": 0,
          "attributes": {
            "b64_std": "EerFy9GcX6U=",
            "b64_url": "EerFy9GcX6U",
            "byte_length": 8,
            "dec": "1291061722380787621",
            "hex": "11eac5cbd19c5fa5",
            "id": "EerFy9GcX6U",
            "keepers": null,
            "prefix": null
          },
          "private": "bnVsbA=="
        }
      ]
    }
  ]
}
